filippo.io/edwards25519 v1.0.0 h1:0wAIcmJUqRdI8IJ/3eGi5/HwXZWPujYXXlkrQogz0Ek=
filippo.io/edwards25519 v1.0.0/go.mod h1:N1IkdkCkiLB6tki+MYJoSx2JTY9NUlxZE7eHn5EwJns=
github.com/davecgh/go-spew v1.1.0/go.mod h1:J7Y8YcW2NihsgmVo/mv3lAwl/skON4iLHjSsI+c5H38=
github.com/davecgh/go-spew v1.1.1 h1:vj9j/u1bqnvCEfJOwUhtlOARqs3+rkHYY13jYWTU97c=
github.com/davecgh/go-spew v1.1.1/go.mod h1:J7Y8YcW2NihsgmVo/mv3lAwl/skON4iLHjSsI+c5H38=
github.com/go-faster/xor v1.0.0 h1:2o8vTOgErSGHP3/7XwA5ib1FTtUsNtwCoLLBjl31X38=
github.com/go-faster/xor v1.0.0/go.mod h1:x5CaDY9UKErKzqfRfFZdfu+OSTfoZny3w5Ak7UxcipQ=
github.com/henrydcase/nobs v0.0.0-20230313231516-25b66236df73 h1:d3rq/Tz+RJ5h1xk6Lt3jbObJN3WhvZm7rV41OCIzUyI=
github.com/henrydcase/nobs v0.0.0-20230313231516-25b66236df73/go.mod h1:ptK2MJqVLVEa/V/oK8n+MEyUDCSjSylW+jeNmCG1DJo=
github.com/katzenpost/chacha20 v0.0.0-20190910113340-7ce890d6a556 h1:9gHByAWH1LydGefFGorN1ZBRZ/Oz9iozdzMvRTWpyRw=
github.com/katzenpost/chacha20 v0.0.0-20190910113340-7ce890d6a556/go.mod h1:d9kxwmGOcutgP6bQwr2xaLInaW5yJsxsoPRyUIG0J/E=
github.com/katzenpost/circl v0.0.1-0.20240114183834-e741d7db053e h1:oWCMYl93fD8bHrZV44q/kmC3fuJczbP3eRZk44pZDp8=
github.com/katzenpost/circl v0.0.1-0.20240114183834-e741d7db053e/go.mod h1:Ezpf/5Kv9L+w6qZ9w7q4MtVrNjYQoeljZ5KLWCoTtF4=
github.com/katzenpost/circl v0.0.1-0.20240114190552-a60da6747ebd h1:YJx4KfR+r340h8xVBMaEZ7Q1DkFSjrO6sSjMcEoH+Vk=
github.com/katzenpost/circl v0.0.1-0.20240114190552-a60da6747ebd/go.mod h1:o+xQQBvrc5MO2FXUpb0HIYZ42PzrMHNPXTJvJLp901Y=
github.com/katzenpost/ctidh_cgo v0.0.0-20230523083445-e789a8b77082 h1:vyyEEz2aPzi+X3suZn5MzyAdSi2sEo/ockaGloSfPyk=
github.com/katzenpost/ctidh_cgo v0.0.0-20230523083445-e789a8b77082/go.mod h1:xqyj8Y3rR3PfAPoDvhriOtNLPr2VXjlFj1LqGR5xA88=
github.com/katzenpost/sntrup4591761 v0.0.0-20231024131303-8755eb1986b8 h1:TsKxH0x2RUwf5rBw67k15bqVM3oVbexA9oaTZQLIy3Y=
github.com/katzenpost/sntrup4591761 v0.0.0-20231024131303-8755eb1986b8/go.mod h1:Hmcrwom7jcEmGdo0CsyuJNnldPeyS+M07FuCbo7I8fw=
github.com/katzenpost/sphincsplus v0.0.1 h1:sjqLNYcT7s6zzK4rtczAcB2YunWIG0gLogXlcqV5wS8=
github.com/katzenpost/sphincsplus v0.0.1/go.mod h1:oSEQjtj0GRF8Nzl3L3sMCbLk+m/xWwEh03rTKzVwgIc=
github.com/katzenpost/sphincsplus v0.0.2-0.20240114192234-1dc77b544e31 h1:fKGa/too1Br31gmoYmV2kE61gydj47Ed5K/g/CE+3Bs=
github.com/katzenpost/sphincsplus v0.0.2-0.20240114192234-1dc77b544e31/go.mod h1:VFrCPnmbxQLBi+qJfWHUqvpvTMZrYBMZEEy0AidY0nE=
github.com/mattn/go-pointer v0.0.1 h1:n+XhsuGeVO6MEAp7xyEukFINEa+Quek5psIR/ylA6o0=
github.com/mattn/go-pointer v0.0.1/go.mod h1:2zXcozF6qYGgmsG+SeTZz3oAbFLdD3OWqnUbNvJZAlc=
github.com/pmezard/go-difflib v1.0.0 h1:4DBwDE0NGyQoBHbLQYPwSUPoCMWR5BEzIk/f1lZbAQM=
github.com/pmezard/go-difflib v1.0.0/go.mod h1:iKH77koFhYxTK1pcRnkKkqfTogsbg7gZNVY4sRDYZ/4=
github.com/stretchr/objx v0.1.0/go.mod h1:HFkY916IF+rwdDfMAkV7OtwuqBVzrE8GR6GFx+wExME=
github.com/stretchr/testify v1.4.0/go.mod h1:j7eGeouHqKxXV5pUuKE4zz7dFj8WfuZ+81PSLYec5m4=
github.com/stretchr/testify v1.8.4 h1:CcVxjf3Q8PM0mHUKJCdn+eZZtm5yQwehR5yeSVQQcUk=
github.com/stretchr/testify v1.8.4/go.mod h1:sz/lmYIOXD/1dqDmKjjqLyZ2RngseejIcXlSw2iwfAo=
golang.org/x/crypto v0.18.0 h1:PGVlW0xEltQnzFZ55hkuX5+KLyrMYhHld1YHO4AKcdc=
golang.org/x/crypto v0.18.0/go.mod h1:R0j02AL6hcrfOiy9T4ZYp/rcWeMxM3L6QYxlOuEG1mg=
golang.org/x/sys v0.0.0-20190902133755-9109b7679e13/go.mod h1:h1NjWce9XRLGQEsW7wpKNCjG9DtNlClVuFLEZdDNbEs=
golang.org/x/sys v0.1.0/go.mod h1:oPkhp1MJrh7nUepCBck5+mAzfO9JrbApNNgaTdGDITg=
golang.org/x/sys v0.16.0 h1:xWw16ngr6ZMtmxDyKyIgsE93KNKz5HKmMa3b8ALHidU=
golang.org/x/sys v0.16.0/go.mod h1:/VUhepiaJMQUp4+oa/7Zr1D23ma6VTLIYjOOTFZPUcA=
gopkg.in/check.v1 v0.0.0-20161208181325-20d25e280405 h1:yhCVgyC4o1eVCa2tZl7eS0r+SDo693bJlVdllGtEeKM=
gopkg.in/check.v1 v0.0.0-20161208181325-20d25e280405/go.mod h1:Co6ibVJAznAaIkqp8huTwlJQCZ016jof/cbN4VW5Yz0=
gopkg.in/yaml.v2 v2.2.2/go.mod h1:hI93XBmqTisBFMUTm0b8Fm+jr3Dg1NNxqwp+5A1VGuI=
gopkg.in/yaml.v3 v3.0.1 h1:fxVm/GzAzEWqLHuvctI91KS9hhNmmWOoWu0XTYJS7CA=
gopkg.in/yaml.v3 v3.0.1/go.mod h1:K4uyk7z7BCEPqu6E+C64Yfv1cQ7kz7rIZviUmN+EgEM=
